
Microsoft Visual Studio Solution File, Format Version 12.00
# Visual Studio Version 16
VisualStudioVersion = 16.0.33423.256
MinimumVisualStudioVersion = 10.0.40219.1
Project("{8BC9CEB8-8B4A-11D0-8D11-00A0C91BC942}") = "CurvesApp", "CurvesApp\CurvesApp.vcxproj", "{37218BBA-0F5D-4430-876C-2F9F7F3544AD}"
EndProject
Project("{8BC9CEB8-8B4A-11D0-8D11-00A0C91BC942}") = "CurvesLibrary", "CurvesLibrary\CurvesLibrary.vcxproj", "{56F06DF0-D137-4763-9CE2-41D028DBE8CF}"
EndProject
Global
	GlobalSection(SolutionConfigurationPlatforms) = preSolution
		Debug|x64 = Debug|x64
		Debug|x86 = Debug|x86
		Release|x64 = Release|x64
		Release|x86 = Release|x86
	EndGlobalSection
	GlobalSection(ProjectConfigurationPlatforms) = postSolution
		{37218BBA-0F5D-4430-876C-2F9F7F3544AD}.Debug|x64.ActiveCfg = Debug|x64
		{37218BBA-0F5D-4430-876C-2F9F7F3544AD}.Debug|x64.Build.0 = Debug|x64
		{37218BBA-0F5D-4430-876C-2F9F7F3544AD}.Debug|x86.ActiveCfg = Debug|Win32
		{37218BBA-0F5D-4430-876C-2F9F7F3544AD}.Debug|x86.Build.0 = Debug|Win32
		{37218BBA-0F5D-4430-876C-2F9F7F3544AD}.Release|x64.ActiveCfg = Release|x64
		{37218BBA-0F5D-4430-876C-2F9F7F3544AD}.Release|x64.Build.0 = Release|x64
		{37218BBA-0F5D-4430-876C-2F9F7F3544AD}.Release|x86.ActiveCfg = Release|Win32
		{37218BBA-0F5D-4430-876C-2F9F7F3544AD}.Release|x86.Build.0 = Release|Win32
		{56F06DF0-D137-4763-9CE2-41D028DBE8CF}.Debug|x64.ActiveCfg = Debug|x64
		{56F06DF0-D137-4763-9CE2-41D028DBE8CF}.Debug|x64.Build.0 = Debug|x64
		{56F06DF0-D137-4763-9CE2-41D028DBE8CF}.Debug|x86.ActiveCfg = Debug|Win32
		{56F06DF0-D137-4763-9CE2-41D028DBE8CF}.Debug|x86.Build.0 = Debug|Win32
		{56F06DF0-D137-4763-9CE2-41D028DBE8CF}.Release|x64.ActiveCfg = Release|x64
		{56F06DF0-D137-4763-9CE2-41D028DBE8CF}.Release|x64.Build.0 = Release|x64
		{56F06DF0-D137-4763-9CE2-41D028DBE8CF}.Release|x86.ActiveCfg = Release|Win32
		{56F06DF0-D137-4763-9CE2-41D028DBE8CF}.Release|x86.Build.0 = Release|Win32
	EndGlobalSection
	GlobalSection(SolutionProperties) = preSolution
		HideSolutionNode = FALSE
	EndGlobalSection
	GlobalSection(ExtensibilityGlobals) = postSolution
		SolutionGuid = {F36B4BF0-8179-462B-B260-869B9CB7E2DB}
	EndGlobalSection
EndGlobal
